
Microsoft Visual Studio Solution File, Format Version 12.00
# Visual Studio Version 17
VisualStudioVersion = 17.7.34221.43
MinimumVisualStudioVersion = 10.0.40219.1
Project("{9A19103F-16F7-4668-BE54-9A1E7A4F7556}") = "Communication.Manager.WebApi", "WebApi\Communication.Manager.WebApi.csproj", "{9B568E1F-CB75-49EA-8FE3-3303B7C956F6}"
EndProject
Global
	GlobalSection(SolutionConfigurationPlatforms) = preSolution
		Debug|Any CPU = Debug|Any CPU
		Release|Any CPU = Release|Any CPU
	EndGlobalSection
	GlobalSection(ProjectConfigurationPlatforms) = postSolution
		{9B568E1F-CB75-49EA-8FE3-3303B7C956F6}.Debug|Any CPU.ActiveCfg = Debug|Any CPU
		{9B568E1F-CB75-49EA-8FE3-3303B7C956F6}.Debug|Any CPU.Build.0 = Debug|Any CPU
		{9B568E1F-CB75-49EA-8FE3-3303B7C956F6}.Release|Any CPU.ActiveCfg = Release|Any CPU
		{9B568E1F-CB75-49EA-8FE3-3303B7C956F6}.Release|Any CPU.Build.0 = Release|Any CPU
	EndGlobalSection
	GlobalSection(SolutionProperties) = preSolution
		HideSolutionNode = FALSE
	EndGlobalSection
	GlobalSection(ExtensibilityGlobals) = postSolution
		SolutionGuid = {973CFA5D-D00B-4ED5-9340-15679A74D524}
	EndGlobalSection
EndGlobal
